golang.org/x/net v0.20.0 h1:aCL9BSgETF1k+blQaYUBx9hJ9LOGP3gAVemcZlf1Kpo=
golang.org/x/net v0.20.0/go.mod h1:z8BVo6PvndSri0LbOE3hAn0apkU+1YvI6E70E9jsnvY=
gopkg.in/h2non/gentleman.v2 v2.0.5 h1:ckmb6cLxL2DDk7WN7LSdxXDq7jNkOicFg4JZ4ZnDNuE=
gopkg.in/h2non/gentleman.v2 v2.0.5/go.mod h1:A1c7zwrTgAyyf6AbpvVksYtBayTB4STBUGmdkEtlHeA=
